version = 1
revision = 3
requires-python = ">=3.12"

[manifest]

[manifest.dependency-groups]
dev = [
    { name = "tox", specifier = ">=4.53.1" },
    { name = "tox-uv", specifier = ">=1.25.0" },
]

[[package]]
name = "cachetools"
version = "7.1.8"
source = { registry = "https://pypi.org/simple" }
sdist = { url = "https://files.pythonhosted.org/packages/4b/39/9a4689914dd907915cee74733b95888fc1d8a21aad47a24a0a2deec73ac4/cachetools-7.1.8.tar.gz", hash = "sha256:1221d547a0b24b7f26fa891d40d488b5258beab9aebd8ed68c729be3af849c43", size = 40909, upload-time = "2026-08-31T19:02:53.985Z" }
wheels = [
    { url = "https://files.pythonhosted.org/packages/d7/3d/9487690d0e937854db587205c66bab3c3cf88d9f00ed380b74cb88cc94ee/cachetools-7.1.8-py3-none-any.whl", hash = "sha256:a81e3844acaa7355b6567f97bd67a94a14ec3a9bc2cbbdae45b9592cc036775b", size = 16842, upload-time = "2026-08-31T19:02:52.554Z" },
]

[[package]]
name = "colorama"
version = "0.4.6"
source = { registry = "https://pypi.org/simple" }
sdist = { url = "https://files.pythonhosted.org/packages/d8/53/6f443c9a4a8358a93a6792e2acffb9d9d5cb0a5cfd8802644b7b1c9a02e4/colorama-0.4.6.tar.gz", hash = "sha256:08695f5cb7ed6e0531a20572697297273c47b8cae5a63ffc6d6ed5c201be6e44", size = 27697, upload-time = "2022-10-25T02:36:22.414Z" }
wheels = [
    { url = "https://files.pythonhosted.org/packages/d1/d6/3965ed04c63042e047cb6a3e6ed1a63a35087b6a609aa3a15ed8ac56c221/colorama-0.4.6-py2.py3-none-any.whl", hash = "sha256:4f1d9991f5acc0ca119f9d443620b77f9d6b33703e51011c16baf57afb285fc6", size = 25335, upload-time = "2022-10-25T02:36:20.889Z" },
]

[[package]]
name = "distlib"
version = "0.4.3"
source = { registry = "https://pypi.org/simple" }
sdist = { url = "https://files.pythonhosted.org/packages/c9/02/bd72be9134d25ed783ecbbc38a539ffaefbf90c78418c7fb7229600dbac7/distlib-0.4.3.tar.gz", hash = "sha256:f152097224a0ae24be5a0f6bae1b9359af82133bce63f98a95f86cae1aede9ed", size = 615141, upload-time = "2026-06-12T08:04:52.847Z" }
wheels = [
    { url = "https://files.pythonhosted.org/packages/02/08/9c41fb51ab5b43eb21674aff13df270e8ba6c4b29c8624e328dc7a9482af/distlib-0.4.3-py2.py3-none-any.whl", hash = "sha256:4b0ce306c966eb73bc3a7b6abad017c556dadd92c44701562cd528ac7fde4d5b", size = 470628, upload-time = "2026-06-12T08:04:50.506Z" },
]

[[package]]
name = "filelock"
version = "3.32.5"
source = { registry = "https://pypi.org/simple" }
sdist = { url = "https://files.pythonhosted.org/packages/0a/a0/50c2c0ce5e74d7721bbb1b19a26ebd339aac5878553a6e35308c2f31f935/filelock-3.32.5.tar.gz", hash = "sha256:f6a6a28f743f9b95ce19db5abe0f376f75eb56517dff21e1a4751e2657d3e83d", size = 222838, upload-time = "2026-08-31T18:56:34.729Z" }
wheels = [
    { url = "https://files.pythonhosted.org/packages/36/d2/b70a31e13d04456d28493f31d2aa087e99eeb2767ef0293b2625727ccb8c/filelock-3.32.5-py3-none-any.whl", hash = "sha256:142cd9fa77a872c5e78c62329a0d15278fadc686eb89e760017968961a4fd6b2", size = 100003, upload-time = "2026-08-31T18:56:33.078Z" },
]

[[package]]
name = "packaging"
version = "26.3"
source = { registry = "https://pypi.org/simple" }
sdist = { url = "https://files.pythonhosted.org/packages/7d/fa/3944b40b07da9ce895c0e6303a5ab7d53da063554f534556b134a54d6093/packaging-26.3.tar.gz", hash = "sha256:94edc256424af38762eb31306eed28beb9f0efc50a8837492c9d6fd6004aed79", size = 313412, upload-time = "2026-08-04T18:15:28.737Z" }
wheels = [
    { url = "https://files.pythonhosted.org/packages/63/34/ba1c580383c9eada3711951fef0795c80b829a078d72188184bcab9dd527/packaging-26.3-py3-none-any.whl", hash = "sha256:d7193f7c8e4e93f444fde0262bf90af30e16fa0ad0ad44cb553c87339b23cd1c", size = 129956, upload-time = "2026-08-04T18:15:27.159Z" },
]

[[package]]
name = "platformdirs"
version = "4.11.7"
source = { registry = "https://pypi.org/simple" }
sdist = { url = "https://files.pythonhosted.org/packages/69/b7/802a56eca9f2fac455b8bab5375a2647b0f0e14a2cd63ef077de3c4a7658/platformdirs-4.11.7.tar.gz", hash = "sha256:4f41487eeeeeb07f3a6625e61d9bc0ae6809f92d3386dbd74392fbb76108104d", size = 35127, upload-time = "2026-09-01T13:35:10.502Z" }
wheels = [
    { url = "https://files.pythonhosted.org/packages/27/6e/80993e10a0482f630cef528635789233224f36b1ffd11592aa15d13ff9ce/platformdirs-4.11.7-py3-none-any.whl", hash = "sha256:8a02cb259042c79d1cd0450facc2fe6dc9d303ae7901afbe33bf8ea0b188cef6", size = 23938, upload-time = "2026-09-01T13:35:09.02Z" },
]

[[package]]
name = "pluggy"
version = "1.6.0"
source = { registry = "https://pypi.org/simple" }
sdist = { url = "https://files.pythonhosted.org/packages/f9/e2/3e91f31a7d2b083fe6ef3fa267035b518369d9511ffab804f839851d2779/pluggy-1.6.0.tar.gz", hash = "sha256:7dcc130b76258d33b90f61b658791dede3486c3e6bfb003ee5c9bfb396dd22f3", size = 69412, upload-time = "2025-05-15T12:30:07.975Z" }
wheels = [
    { url = "https://files.pythonhosted.org/packages/54/20/4d324d65cc6d9205fabedc306948156824eb9f0ee1633355a8f7ec5c66bf/pluggy-1.6.0-py3-none-any.whl", hash = "sha256:e920276dd6813095e9377c0bc5566d94c932c33b27a3e3945d8389c374dd4746", size = 20538, upload-time = "2025-05-15T12:30:06.134Z" },
]

[[package]]
name = "pyproject-api"
version = "1.11.0"
source = { registry = "https://pypi.org/simple" }
dependencies = [
    { name = "packaging" },
]
sdist = { url = "https://files.pythonhosted.org/packages/ab/bd/2f985c12bf33fdd8637e3a8f9418d6806f177601dee7c4924d0b2bb28650/pyproject_api-1.11.0.tar.gz", hash = "sha256:b8807d85a293e6c9f133e6575946fed45f1d42b22d58c780b33aa2421a799549", size = 23787, upload-time = "2026-07-21T13:09:33.744Z" }
wheels = [
    { url = "https://files.pythonhosted.org/packages/a3/6a/2822ee12bafe87af8f6cc620f7d1f126e77f82ce56ba888b94a9af5a979c/pyproject_api-1.11.0-py3-none-any.whl", hash = "sha256:860060c8832dce983b5eec6f41c4c43eb3ec06ff7332387a63acdf5ca27b68d8", size = 13275, upload-time = "2026-07-21T13:09:32.559Z" },
]

[[package]]
name = "python-discovery"
version = "1.6.0"
source = { registry = "https://pypi.org/simple" }
dependencies = [
    { name = "filelock" },
]
sdist = { url = "https://files.pythonhosted.org/packages/91/96/0f93e27c9f60a650838f2118159aa115fd5732c0716247917b7ba7ede665/python_discovery-1.6.0.tar.gz", hash = "sha256:6393b4eae1be8b2182670635e7baff89ac21cb9f8e86fd1ff40c7b1144febb4c", size = 82849, upload-time = "2026-08-28T17:30:02.366Z" }
wheels = [
    { url = "https://files.pythonhosted.org/packages/43/5e/21abf578182fb15006a57faf3711a1e659e29d600d19b6e557eae908c81d/python_discovery-1.6.0-py3-none-any.whl", hash = "sha256:d4e244cf17b8b29819ed78003d55fbacf86eda23425b075454fff9271b79377a", size = 38451, upload-time = "2026-08-28T17:30:01.236Z" },
]

[[package]]
name = "tomli-w"
version = "1.2.0"
source = { registry = "https://pypi.org/simple" }
sdist = { url = "https://files.pythonhosted.org/packages/19/75/241269d1da26b624c0d5e110e8149093c759b7a286138f4efd61a60e75fe/tomli_w-1.2.0.tar.gz", hash = "sha256:2dd14fac5a47c27be9cd4c976af5a12d87fb1f0b4512f81d69cce3b35ae25021", size = 7184, upload-time = "2025-01-15T12:07:24.262Z" }
wheels = [
    { url = "https://files.pythonhosted.org/packages/c7/18/c86eb8e0202e32dd3df50d43d7ff9854f8e0603945ff398974c1d91ac1ef/tomli_w-1.2.0-py3-none-any.whl", hash = "sha256:188306098d013b691fcadc011abd66727d3c414c571bb01b1a174ba8c983cf90", size = 6675, upload-time = "2025-01-15T12:07:22.074Z" },
]

[[package]]
name = "tox"
version = "4.61.2"
source = { registry = "https://pypi.org/simple" }
dependencies = [
    { name = "cachetools" },
    { name = "colorama" },
    { name = "filelock" },
    { name = "packaging" },
    { name = "platformdirs" },
    { name = "pluggy" },
    { name = "pyproject-api" },
    { name = "python-discovery" },
    { name = "tomli-w" },
    { name = "typing-extensions", marker = "python_full_version < '3.13'" },
    { name = "virtualenv" },
]
sdist = { url = "https://files.pythonhosted.org/packages/c3/8b/2e25d11c05e006438f8a1f20f8814aeb576ec8b3bf157f68454d2dcc09bf/tox-4.61.2.tar.gz", hash = "sha256:463b6eeaaf0929d60b4f7a87b26f4a7a764fe9832a74bf50b4e9d259b6a8e905", size = 306825, upload-time = "2026-08-31T20:19:53.614Z" }
wheels = [
    { url = "https://files.pythonhosted.org/packages/50/c9/3e78716c0b994a75f064d36ae56d707435dd147d6945914aaa6372fe3ccf/tox-4.61.2-py3-none-any.whl", hash = "sha256:262efa52b735004dcef04ae4c934614ec4e5c61319a14d1e762c18db7fdb82c3", size = 227984, upload-time = "2026-08-31T20:19:51.709Z" },
]

[[package]]
name = "tox-uv"
version = "1.36.0"
source = { registry = "https://pypi.org/simple" }
dependencies = [
    { name = "tox-uv-bare" },
    { name = "uv" },
]
wheels = [
    { url = "https://files.pythonhosted.org/packages/f9/d7/3fce976b9e295218a2d7e541e0f1e9b1259cb893de7a8d277952a66a798d/tox_uv-1.36.0-py3-none-any.whl", hash = "sha256:5f81b39be3fe4e14c6b9bb7ba637ed97d34efa6214efd5f525d95ee9559a99ac", size = 6564, upload-time = "2026-07-21T13:09:54.316Z" },
]

[[package]]
name = "tox-uv-bare"
version = "1.36.0"
source = { registry = "https://pypi.org/simple" }
dependencies = [
    { name = "packaging" },
    { name = "tox" },
]
sdist = { url = "https://files.pythonhosted.org/packages/56/df/9f90a59de8c87cece6e691eee53dc1cb0a824d73aea8f380ae2f6ecb71de/tox_uv_bare-1.36.0.tar.gz", hash = "sha256:d9b0a2fd0f74fa65d9597108f8a0ef7abb08651c9196a998a6073b781b45cfd0", size = 32548, upload-time = "2026-07-21T13:09:56.435Z" }
wheels = [
    { url = "https://files.pythonhosted.org/packages/f7/0a/6dc462e4fb543305283a6157c80f43e3d12ca4702da6ae6521d541c6b55c/tox_uv_bare-1.36.0-py3-none-any.whl", hash = "sha256:ba397dd0396df95a75744d4e42a50ee27207c0ffcf277b62ffba9c3de455a939", size = 22489, upload-time = "2026-07-21T13:09:55.389Z" },
]

[[package]]
name = "typing-extensions"
version = "4.16.0"
source = { registry = "https://pypi.org/simple" }
sdist = { url = "https://files.pythonhosted.org/packages/f6/cc/6253133b5bb138fc3306cebfbda2c520f545d36b5be2c7255cc528bb45d6/typing_extensions-4.16.0.tar.gz", hash = "sha256:dc983d19a509c94dba722ee6abd33940f7c05a89e243c47e907eb4db6f1a43e5", size = 113555, upload-time = "2026-07-02T08:40:05.92Z" }
wheels = [
    { url = "https://files.pythonhosted.org/packages/49/d3/b8441a820a491ddfc024b0b0cf0393375b75ea13866d9c66727e54c2fc80/typing_extensions-4.16.0-py3-none-any.whl", hash = "sha256:481caa481374e813c1b176ada14e97f1f67a4539ce9cfeb3f350d78d6370c2e8", size = 45571, upload-time = "2026-07-02T08:40:04.659Z" },
]

[[package]]
name = "uv"
version = "0.12.9"
source = { registry = "https://pypi.org/simple" }
sdist = { url = "https://files.pythonhosted.org/packages/d7/42/6d2be569fd280ebd982a54ee2e3d3754fedde5cf557fd7f858eb40d161cf/uv-0.12.9.tar.gz", hash = "sha256:55b8920edb2a29eeef31e246fb60d2145985e17f51ad14b26643575b82759302", size = 7134801, upload-time = "2026-09-01T21:57:47.305Z" }
wheels = [
    { url = "https://files.pythonhosted.org/packages/73/4a/208c1ed443a5024bdb83cedf1e09b322e68ccc9f7e11d1f53bb1f0690174/uv-0.12.9-py3-none-linux_armv6l.whl", hash = "sha256:97062b2160a97fcfa45f10bbbe02a9c6ba4f5a50cf4e02c0f2babb80b47c1ea8", size = 22183326, upload-time = "2026-09-01T21:57:01.443Z" },
    { url = "https://files.pythonhosted.org/packages/7a/4f/7cc3d45951bb01089bf948d91a89c5b433789df8ceeba4f4cbcce0b1ef5c/uv-0.12.9-py3-none-macosx_10_12_x86_64.whl", hash = "sha256:0cb7e8a732d81f25d364de8d6ac69f4d00d56b581918ac242eeaeffb53977588", size = 20481767, upload-time = "2026-09-01T21:57:04.573Z" },
    { url = "https://files.pythonhosted.org/packages/5f/2b/28f22620d336069038e850ff662be979866c4944126d17a19bed738e3dc1/uv-0.12.9-py3-none-macosx_11_0_arm64.whl", hash = "sha256:0af988f800778913d36f9bf6905eb21c917dccc403bb364ad739bfd383acf491", size = 17338955, upload-time = "2026-09-01T21:57:06.884Z" },
    { url = "https://files.pythonhosted.org/packages/cc/29/649ff920dcd2373a819a4e0d9c1989ae770698e634c277e5a6fbbe19e9b4/uv-0.12.9-py3-none-manylinux_2_17_aarch64.manylinux2014_aarch64.musllinux_1_1_aarch64.whl", hash = "sha256:cce6e716df290b7f4a31f76ef39866e1dc006e947520a660459dea00b5d55234", size = 21598566, upload-time = "2026-09-01T21:57:09.223Z" },
    { url = "https://files.pythonhosted.org/packages/35/0d/0db7cfdd5bf11ce91c53558449f0e753d3cc578d9e94bd350c10b43f17ef/uv-0.12.9-py3-none-manylinux_2_17_armv7l.manylinux2014_armv7l.musllinux_1_1_armv7l.whl", hash = "sha256:00ff9f34c04055ebc3e1599ee459f5ae0d42c17cd6a1d8d029f0389e64a1419c", size = 21690729, upload-time = "2026-09-01T21:57:11.866Z" },
    { url = "https://files.pythonhosted.org/packages/69/bf/a63391a9d0f930f5ec23ff6a1daa9f7806a430fe41fb1e3bfb6cb10ef737/uv-0.12.9-py3-none-manylinux_2_17_armv7l.manylinux2014_armv7l.whl", hash = "sha256:2d4a1d4c067f9e2edf703e181a71db8fc9d7af5fcdbd0053103d0a1260e04ce6", size = 21716103, upload-time = "2026-09-01T21:57:14.407Z" },
    { url = "https://files.pythonhosted.org/packages/f5/4c/4b1fea7c22abac3297fa7fc222f3703c33ffe45aa7553fa9d8bd2b0b70bb/uv-0.12.9-py3-none-manylinux_2_17_i686.manylinux2014_i686.whl", hash = "sha256:cafa85338ce1d27b7caa4aadc83ab21f350e2cd2185462fbb10a232b6e93152e", size = 22340621, upload-time = "2026-09-01T21:57:17.109Z" },
    { url = "https://files.pythonhosted.org/packages/25/57/7ac6fd2b97ea9f608b65bb9b47d686e5d64f8142b190d3c4590d74cf8524/uv-0.12.9-py3-none-manylinux_2_17_ppc64le.manylinux2014_ppc64le.whl", hash = "sha256:bbdcb9db8b44d80e3fcebc4205604d52ea145404efb179958560bb2a0157743a", size = 23586367, upload-time = "2026-09-01T21:57:19.494Z" },
    { url = "https://files.pythonhosted.org/packages/ff/87/3ef6bf32db7af74e7c230ef6c06c387d9be2363dfa63eb524065031c010a/uv-0.12.9-py3-none-manylinux_2_17_s390x.manylinux2014_s390x.whl", hash = "sha256:cfb512d0e284e9fc42c3bbe9b701f430083fca23dbb67a20daeea897fb793069", size = 23279627, upload-time = "2026-09-01T21:57:22.146Z" },
    { url = "https://files.pythonhosted.org/packages/37/4b/cd04809c7ad5149faac55160925bd67aab43f803f6c01be1c32aec7d24d9/uv-0.12.9-py3-none-manylinux_2_17_x86_64.manylinux2014_x86_64.whl", hash = "sha256:5badfd805fd88bf99b4b4f044f6e8f762f1892cab27477f4427bb473e93dd049", size = 20056367, upload-time = "2026-09-01T21:57:24.49Z" },
    { url = "https://files.pythonhosted.org/packages/29/6b/59cddb48c47124428d329ac3ed4ce91ccd8ab757ebeed3d482115d8b82ef/uv-0.12.9-py3-none-manylinux_2_28_aarch64.whl", hash = "sha256:c0f7e2b46e4c503f9497c0f41bba3570aa233685db814cd011225118f2d72b6a", size = 19383069, upload-time = "2026-09-01T21:57:27.019Z" },
    { url = "https://files.pythonhosted.org/packages/99/a6/22e4650cc9a2d018165fda5a53ca7addedc6d4f083ab7c833acc12fbe1e1/uv-0.12.9-py3-none-manylinux_2_31_riscv64.musllinux_1_1_riscv64.whl", hash = "sha256:445c572202243229043abaeab2fecb1b3691477c71c79feb07f638ce34febd39", size = 22392774, upload-time = "2026-09-01T21:57:29.323Z" },
    { url = "https://files.pythonhosted.org/packages/d4/37/68166b0acb7f8ff30316bf74c0e9840c7c6cbc86ee3e236382bb107d42db/uv-0.12.9-py3-none-manylinux_2_31_riscv64.whl", hash = "sha256:ce4ad780d3cefe5a8f965f3ddf942c01e71aa37e36f4fc431e72e4ee8ce5f378", size = 22517532, upload-time = "2026-09-01T21:57:31.758Z" },
    { url = "https://files.pythonhosted.org/packages/28/ac/8801d60db574aa15fba53944e0ee2e298605bf9076a5389f5e56ed51206a/uv-0.12.9-py3-none-musllinux_1_1_i686.whl", hash = "sha256:f639f8415f08918fb4ba2022bfd94d039e01c6c1eca28583125d439f7bd635fb", size = 21498480, upload-time = "2026-09-01T21:57:34.402Z" },
    { url = "https://files.pythonhosted.org/packages/ec/47/663bbc05f26c6c518c086da5df1e38fc5b2650fa6768cb36c6418d3f9559/uv-0.12.9-py3-none-musllinux_1_1_x86_64.whl", hash = "sha256:5f9325495fa0bf3e71e6b09f72e68b0d4a000067888b48a659536a8c7191a112", size = 22889848, upload-time = "2026-09-01T21:57:37.284Z" },
    { url = "https://files.pythonhosted.org/packages/58/ce/a4b1ae2a80264231a4dd0a070ffd0fe7f2bdf1d78e99d3c0c68ce315262b/uv-0.12.9-py3-none-win32.whl", hash = "sha256:f4ab95475562884fc8e72fbbf0c3da0e025d3bb25e7348544cd02b19bf77f3e1", size = 19858143, upload-time = "2026-09-01T21:57:39.571Z" },
    { url = "https://files.pythonhosted.org/packages/f5/b2/55c7fdbdacb0b110f92804cceea449dfcd5be4354ae1e997aca700145a65/uv-0.12.9-py3-none-win_amd64.whl", hash = "sha256:871e884c3329f69c12bb7426edb9e727745c3bb2db6d9e0538ce0e1bdfb64916", size = 17991226, upload-time = "2026-09-01T21:57:42.282Z" },
    { url = "https://files.pythonhosted.org/packages/85/67/cac985492192ff4a95a76b3854143062f1b3290aca3a404a812b7aadc9cf/uv-0.12.9-py3-none-win_arm64.whl", hash = "sha256:31fddf25d756a51fe33f7831ff697a122628dd3121c37c435c39c678428f937b", size = 19472343, upload-time = "2026-09-01T21:57:44.877Z" },
]

[[package]]
name = "virtualenv"
version = "21.7.8"
source = { registry = "https://pypi.org/simple" }
dependencies = [
    { name = "distlib" },
    { name = "filelock" },
    { name = "platformdirs" },
    { name = "python-discovery" },
]
sdist = { url = "https://files.pythonhosted.org/packages/08/1c/69faa2e6a83484e2a8227bce5cfaa183941c5720f99c48f204931d286b07/virtualenv-21.7.8.tar.gz", hash = "sha256:1dc49c790072a9072cb1803f9bd62aa69cd583077cada32390f75505cdc64c9b", size = 5347580, upload-time = "2026-09-01T13:36:13.894Z" }
wheels = [
    { url = "https://files.pythonhosted.org/packages/9f/34/88d507d4a4030fa559788de9c690a214f9a4053aa1d91cfb60e9b36127c2/virtualenv-21.7.8-py3-none-any.whl", hash = "sha256:3040eb3cbf5d32b10ffd57d167e6a162237ad82ba7d8cf1400a1efed593d85ac", size = 5324617, upload-time = "2026-09-01T13:36:11.248Z" },
]
